<?xml version="1.0" encoding="utf-8"?>
<Project ToolsVersion="4.0" xmlns="http://schemas.microsoft.com/developer/msbuild/2003">
  <ItemGroup>
    <Filter Include="Source Files">
      <UniqueIdentifier>{4FC737F1-C7A5-4376-A066-2A32D752A2FF}</UniqueIdentifier>
      <Extensions>cpp;c;cc;cxx;def;odl;idl;hpj;bat;asm;asmx</Extensions>
    </Filter>
    <Filter Include="Header Files">
      <UniqueIdentifier>{93995380-89BD-4b04-88EB-625FBE52EBFB}</UniqueIdentifier>
      <Extensions>h;hh;hpp;hxx;hm;inl;inc;ipp;xsd</Extensions>
    </Filter>
    <Filter Include="Resource Files">
      <UniqueIdentifier>{67DA6AB6-F800-4c08-8B7A-83BB121AAD01}</UniqueIdentifier>
      <Extensions>rc;ico;cur;bmp;dlg;rc2;rct;bin;rgs;gif;jpg;jpeg;jpe;resx;tiff;tif;png;wav;mfcribbon-ms</Extensions>
    </Filter>
  </ItemGroup>
  <ItemGroup>
    <ClInclude Include="attribute.h">
      <Filter>Header Files</Filter>
    </ClInclude>
    <ClInclude Include="sqldata.h">
      <Filter>Header Files</Filter>
    </ClInclude>
    <ClInclude Include="buffer-manager.h">
      <Filter>Header Files</Filter>
    </ClInclude>
    <ClInclude Include="index-manager.h">
      <Filter>Header Files</Filter>
    </ClInclude>
    <ClInclude Include="record-manager.h">
      <Filter>Header Files</Filter>
    </ClInclude>
    <ClInclude Include="catalog-manager.h">
      <Filter>Header Files</Filter>
    </ClInclude>
    <ClInclude Include="cluster-bptree.h">
      <Filter>Header Files</Filter>
    </ClInclude>
    <ClInclude Include="page.h">
      <Filter>Header Files</Filter>
    </ClInclude>
    <ClInclude Include="oracle.h">
      <Filter>Header Files</Filter>
    </ClInclude>
    <ClInclude Include="parser.h">
      <Filter>Header Files</Filter>
    </ClInclude>
    <ClInclude Include="token.h">
      <Filter>Header Files</Filter>
    </ClInclude>
    <ClInclude Include="execute.h">
      <Filter>Header Files</Filter>
    </ClInclude>
    <ClInclude Include="logger.h">
      <Filter>Header Files</Filter>
    </ClInclude>
    <ClInclude Include="functions-manager.h">
      <Filter>Header Files</Filter>
    </ClInclude>
    <ClInclude Include="bptree.h">
      <Filter>Header Files</Filter>
    </ClInclude>
  </ItemGroup>
  <ItemGroup>
    <ClCompile Include="buffer-manager.cc">
      <Filter>Source Files</Filter>
    </ClCompile>
    <ClCompile Include="buffer-manager_variadic.cc">
      <Filter>Source Files</Filter>
    </ClCompile>
    <ClCompile Include="test_buffm.cc">
      <Filter>Source Files</Filter>
    </ClCompile>
    <ClCompile Include="catalog-manager.cc">
      <Filter>Source Files</Filter>
    </ClCompile>
    <ClCompile Include="cluster-bptree.cc">
      <Filter>Source Files</Filter>
    </ClCompile>
    <ClCompile Include="oracle.cc">
      <Filter>Source Files</Filter>
    </ClCompile>
    <ClCompile Include="parser.cc">
      <Filter>Source Files</Filter>
    </ClCompile>
    <ClCompile Include="token.cc">
      <Filter>Source Files</Filter>
    </ClCompile>
    <ClCompile Include="functions-manager.cc">
      <Filter>Source Files</Filter>
    </ClCompile>
    <ClCompile Include="execute.cc">
      <Filter>Source Files</Filter>
    </ClCompile>
    <ClCompile Include="logger.cc">
      <Filter>Source Files</Filter>
    </ClCompile>
  </ItemGroup>
</Project>